
Microsoft Visual Studio Solution File, Format Version 12.00
# Visual Studio Version 17
VisualStudioVersion = 17.7.34024.191
MinimumVisualStudioVersion = 10.0.40219.1
Project("{FAE04EC0-301F-11D3-BF4B-00C04F79EFBC}") = "Entities", "Entities\Entities.csproj", "{C4D5CB29-01AD-45F5-9622-839EE6221E43}"
EndProject
Project("{FAE04EC0-301F-11D3-BF4B-00C04F79EFBC}") = "DataAccess", "DataAccess\DataAccess.csproj", "{45124231-EE49-423C-81D1-7CB16E9EC9E3}"
EndProject
Project("{FAE04EC0-301F-11D3-BF4B-00C04F79EFBC}") = "Business", "Business\Business.csproj", "{ED47D82F-5450-457C-8CE1-48B4307487C0}"
EndProject
Project("{FAE04EC0-301F-11D3-BF4B-00C04F79EFBC}") = "Core", "Core\Core.csproj", "{0F97B6B3-0E0E-476C-A833-39C2FE8F218B}"
EndProject
Global
	GlobalSection(SolutionConfigurationPlatforms) = preSolution
		Debug|Any CPU = Debug|Any CPU
		Release|Any CPU = Release|Any CPU
	EndGlobalSection
	GlobalSection(ProjectConfigurationPlatforms) = postSolution
		{C4D5CB29-01AD-45F5-9622-839EE6221E43}.Debug|Any CPU.ActiveCfg = Debug|Any CPU
		{C4D5CB29-01AD-45F5-9622-839EE6221E43}.Debug|Any CPU.Build.0 = Debug|Any CPU
		{C4D5CB29-01AD-45F5-9622-839EE6221E43}.Release|Any CPU.ActiveCfg = Release|Any CPU
		{C4D5CB29-01AD-45F5-9622-839EE6221E43}.Release|Any CPU.Build.0 = Release|Any CPU
		{45124231-EE49-423C-81D1-7CB16E9EC9E3}.Debug|Any CPU.ActiveCfg = Debug|Any CPU
		{45124231-EE49-423C-81D1-7CB16E9EC9E3}.Debug|Any CPU.Build.0 = Debug|Any CPU
		{45124231-EE49-423C-81D1-7CB16E9EC9E3}.Release|Any CPU.ActiveCfg = Release|Any CPU
		{45124231-EE49-423C-81D1-7CB16E9EC9E3}.Release|Any CPU.Build.0 = Release|Any CPU
		{ED47D82F-5450-457C-8CE1-48B4307487C0}.Debug|Any CPU.ActiveCfg = Debug|Any CPU
		{ED47D82F-5450-457C-8CE1-48B4307487C0}.Debug|Any CPU.Build.0 = Debug|Any CPU
		{ED47D82F-5450-457C-8CE1-48B4307487C0}.Release|Any CPU.ActiveCfg = Release|Any CPU
		{ED47D82F-5450-457C-8CE1-48B4307487C0}.Release|Any CPU.Build.0 = Release|Any CPU
		{0F97B6B3-0E0E-476C-A833-39C2FE8F218B}.Debug|Any CPU.ActiveCfg = Debug|Any CPU
		{0F97B6B3-0E0E-476C-A833-39C2FE8F218B}.Debug|Any CPU.Build.0 = Debug|Any CPU
		{0F97B6B3-0E0E-476C-A833-39C2FE8F218B}.Release|Any CPU.ActiveCfg = Release|Any CPU
		{0F97B6B3-0E0E-476C-A833-39C2FE8F218B}.Release|Any CPU.Build.0 = Release|Any CPU
	EndGlobalSection
	GlobalSection(SolutionProperties) = preSolution
		HideSolutionNode = FALSE
	EndGlobalSection
	GlobalSection(ExtensibilityGlobals) = postSolution
		SolutionGuid = {18362643-7C5D-48B4-B5C6-4C5F3054FCF6}
	EndGlobalSection
EndGlobal
